// !$*UTF8*$!
{
	archiveVersion = 1;
	classes = {
	};
	objectVersion = 55;
	objects = {

/* Begin PBXBuildFile section */
		1902F07D2893FFFC0032DD18 /* AppDelegate.swift in Sources */ = {isa = PBXBuildFile; fileRef = 1902F07C2893FFFC0032DD18 /* AppDelegate.swift */; };
		1902F07F2893FFFC0032DD18 /* SceneDelegate.swift in Sources */ = {isa = PBXBuildFile; fileRef = 1902F07E2893FFFC0032DD18 /* SceneDelegate.swift */; };
		1902F086289400000032DD18 /* Assets.xcassets in Resources */ = {isa = PBXBuildFile; fileRef = 1902F085289400000032DD18 /* Assets.xcassets */; };
		1902F089289400000032DD18 /* LaunchScreen.storyboard in Resources */ = {isa = PBXBuildFile; fileRef = 1902F087289400000032DD18 /* LaunchScreen.storyboard */; };
		1902F09C289401100032DD18 /* YoutubePlaylist.swift in Sources */ = {isa = PBXBuildFile; fileRef = 1902F093289401100032DD18 /* YoutubePlaylist.swift */; };
		1902F09E289401100032DD18 /* YoutubeReelsViewController.swift in Sources */ = {isa = PBXBuildFile; fileRef = 1902F099289401100032DD18 /* YoutubeReelsViewController.swift */; };
		19116BDB28955F5F00FE5D14 /* loading.json in Resources */ = {isa = PBXBuildFile; fileRef = 19116BDA28955F5F00FE5D14 /* loading.json */; };
		1924582928CA7586007EB289 /* Pods_YoutubeReelz.framework in Frameworks */ = {isa = PBXBuildFile; fileRef = 0F5BAE00F92D1FECD0994D42 /* Pods_YoutubeReelz.framework */; };
		19366E832895243200164D52 /* ReelsCollectionViewCell.swift in Sources */ = {isa = PBXBuildFile; fileRef = 19366E812895243200164D52 /* ReelsCollectionViewCell.swift */; };
		19366E842895243200164D52 /* ReelsCollectionViewCell.xib in Resources */ = {isa = PBXBuildFile; fileRef = 19366E822895243200164D52 /* ReelsCollectionViewCell.xib */; };
		19366E8A289527A800164D52 /* PlaylistParams.swift in Sources */ = {isa = PBXBuildFile; fileRef = 19366E89289527A800164D52 /* PlaylistParams.swift */; };
		19366E8C28952A7B00164D52 /* VideoParams.swift in Sources */ = {isa = PBXBuildFile; fileRef = 19366E8B28952A7B00164D52 /* VideoParams.swift */; };
		19366E8F28953A0C00164D52 /* UIView+Extensions.swift in Sources */ = {isa = PBXBuildFile; fileRef = 19366E8E28953A0C00164D52 /* UIView+Extensions.swift */; };
		1939B92F2895611000A368B4 /* R.generated.swift in Sources */ = {isa = PBXBuildFile; fileRef = 1939B92E2895611000A368B4 /* R.generated.swift */; };
		193CEB722894157500FE5F86 /* ServicesManager.swift in Sources */ = {isa = PBXBuildFile; fileRef = 193CEB712894157500FE5F86 /* ServicesManager.swift */; };
		193CEB742894162100FE5F86 /* EndPoints.swift in Sources */ = {isa = PBXBuildFile; fileRef = 193CEB732894162100FE5F86 /* EndPoints.swift */; };
		193CEB76289416F000FE5F86 /* YoutubeService.swift in Sources */ = {isa = PBXBuildFile; fileRef = 193CEB75289416F000FE5F86 /* YoutubeService.swift */; };
		193CEB78289419D800FE5F86 /* URLRequestBuilder.swift in Sources */ = {isa = PBXBuildFile; fileRef = 193CEB77289419D800FE5F86 /* URLRequestBuilder.swift */; };
		193CEB7A28941A1E00FE5F86 /* Constants.swift in Sources */ = {isa = PBXBuildFile; fileRef = 193CEB7928941A1E00FE5F86 /* Constants.swift */; };
		193CEB7D28942BDA00FE5F86 /* MyDecoder.swift in Sources */ = {isa = PBXBuildFile; fileRef = 193CEB7C28942BDA00FE5F86 /* MyDecoder.swift */; };
		193CEB7F28942C3C00FE5F86 /* Loader.swift in Sources */ = {isa = PBXBuildFile; fileRef = 193CEB7E28942C3C00FE5F86 /* Loader.swift */; };
		193CEB83289430EE00FE5F86 /* Main.storyboard in Resources */ = {isa = PBXBuildFile; fileRef = 1902F096289401100032DD18 /* Main.storyboard */; };
		195D95DC28940E51003F81F8 /* YoutubeVideo.swift in Sources */ = {isa = PBXBuildFile; fileRef = 195D95DB28940E51003F81F8 /* YoutubeVideo.swift */; };
		1961A17228C3714900CFE902 /* PlaylistDataService.swift in Sources */ = {isa = PBXBuildFile; fileRef = 1961A17128C3714900CFE902 /* PlaylistDataService.swift */; };
		1961A17428C3755D00CFE902 /* VideoDataService.swift in Sources */ = {isa = PBXBuildFile; fileRef = 1961A17328C3755D00CFE902 /* VideoDataService.swift */; };
		19EA60742894548600E950CE /* PlaylistViewModel.swift in Sources */ = {isa = PBXBuildFile; fileRef = 19EA60732894548600E950CE /* PlaylistViewModel.swift */; };
		19EA60762894549300E950CE /* VideoViewModel.swift in Sources */ = {isa = PBXBuildFile; fileRef = 19EA60752894549300E950CE /* VideoViewModel.swift */; };
/* End PBXBuildFile section */

/* Begin PBXFileReference section */
		0F5BAE00F92D1FECD0994D42 /* Pods_YoutubeReelz.framework */ = {isa = PBXFileReference; explicitFileType = wrapper.framework; includeInIndex = 0; path = Pods_YoutubeReelz.framework; sourceTree = BUILT_PRODUCTS_DIR; };
		1902F0792893FFFC0032DD18 /* YoutubeReelz.app */ = {isa = PBXFileReference; explicitFileType = wrapper.application; includeInIndex = 0; path = YoutubeReelz.app; sourceTree = BUILT_PRODUCTS_DIR; };
		1902F07C2893FFFC0032DD18 /* AppDelegate.swift */ = {isa = PBXFileReference; lastKnownFileType = sourcecode.swift; path = AppDelegate.swift; sourceTree = "<group>"; };
		1902F07E2893FFFC0032DD18 /* SceneDelegate.swift */ = {isa = PBXFileReference; lastKnownFileType = sourcecode.swift; path = SceneDelegate.swift; sourceTree = "<group>"; };
		1902F085289400000032DD18 /* Assets.xcassets */ = {isa = PBXFileReference; lastKnownFileType = folder.assetcatalog; path = Assets.xcassets; sourceTree = "<group>"; };
		1902F088289400000032DD18 /* Base */ = {isa = PBXFileReference; lastKnownFileType = file.storyboard; name = Base; path = Base.lproj/LaunchScreen.storyboard; sourceTree = "<group>"; };
		1902F08A289400000032DD18 /* Info.plist */ = {isa = PBXFileReference; lastKnownFileType = text.plist.xml; path = Info.plist; sourceTree = "<group>"; };
		1902F093289401100032DD18 /* YoutubePlaylist.swift */ = {isa = PBXFileReference; fileEncoding = 4; lastKnownFileType = sourcecode.swift; path = YoutubePlaylist.swift; sourceTree = "<group>"; };
		1902F097289401100032DD18 /* Base */ = {isa = PBXFileReference; lastKnownFileType = file.storyboard; name = Base; path = Base.lproj/Main.storyboard; sourceTree = "<group>"; };
		1902F099289401100032DD18 /* YoutubeReelsViewController.swift */ = {isa = PBXFileReference; fileEncoding = 4; lastKnownFileType = sourcecode.swift; path = YoutubeReelsViewController.swift; sourceTree = "<group>"; };
		19116BDA28955F5F00FE5D14 /* loading.json */ = {isa = PBXFileReference; fileEncoding = 4; lastKnownFileType = text.json; path = loading.json; sourceTree = "<group>"; };
		19366E812895243200164D52 /* ReelsCollectionViewCell.swift */ = {isa = PBXFileReference; lastKnownFileType = sourcecode.swift; path = ReelsCollectionViewCell.swift; sourceTree = "<group>"; };
		19366E822895243200164D52 /* ReelsCollectionViewCell.xib */ = {isa = PBXFileReference; lastKnownFileType = file.xib; path = ReelsCollectionViewCell.xib; sourceTree = "<group>"; };
		19366E89289527A800164D52 /* PlaylistParams.swift */ = {isa = PBXFileReference; lastKnownFileType = sourcecode.swift; path = PlaylistParams.swift; sourceTree = "<group>"; };
		19366E8B28952A7B00164D52 /* VideoParams.swift */ = {isa = PBXFileReference; lastKnownFileType = sourcecode.swift; path = VideoParams.swift; sourceTree = "<group>"; };
		19366E8E28953A0C00164D52 /* UIView+Extensions.swift */ = {isa = PBXFileReference; lastKnownFileType = sourcecode.swift; path = "UIView+Extensions.swift"; sourceTree = "<group>"; };
		1939B92E2895611000A368B4 /* R.generated.swift */ = {isa = PBXFileReference; lastKnownFileType = sourcecode.swift; path = R.generated.swift; sourceTree = SOURCE_ROOT; };
		193CEB712894157500FE5F86 /* ServicesManager.swift */ = {isa = PBXFileReference; lastKnownFileType = sourcecode.swift; path = ServicesManager.swift; sourceTree = "<group>"; };
		193CEB732894162100FE5F86 /* EndPoints.swift */ = {isa = PBXFileReference; lastKnownFileType = sourcecode.swift; path = EndPoints.swift; sourceTree = "<group>"; };
		193CEB75289416F000FE5F86 /* YoutubeService.swift */ = {isa = PBXFileReference; lastKnownFileType = sourcecode.swift; path = YoutubeService.swift; sourceTree = "<group>"; };
		193CEB77289419D800FE5F86 /* URLRequestBuilder.swift */ = {isa = PBXFileReference; lastKnownFileType = sourcecode.swift; path = URLRequestBuilder.swift; sourceTree = "<group>"; };
		193CEB7928941A1E00FE5F86 /* Constants.swift */ = {isa = PBXFileReference; lastKnownFileType = sourcecode.swift; path = Constants.swift; sourceTree = "<group>"; };
		193CEB7C28942BDA00FE5F86 /* MyDecoder.swift */ = {isa = PBXFileReference; lastKnownFileType = sourcecode.swift; path = MyDecoder.swift; sourceTree = "<group>"; };
		193CEB7E28942C3C00FE5F86 /* Loader.swift */ = {isa = PBXFileReference; lastKnownFileType = sourcecode.swift; path = Loader.swift; sourceTree = "<group>"; };
		195D95DB28940E51003F81F8 /* YoutubeVideo.swift */ = {isa = PBXFileReference; lastKnownFileType = sourcecode.swift; path = YoutubeVideo.swift; sourceTree = "<group>"; };
		1961A17128C3714900CFE902 /* PlaylistDataService.swift */ = {isa = PBXFileReference; lastKnownFileType = sourcecode.swift; path = PlaylistDataService.swift; sourceTree = "<group>"; };
		1961A17328C3755D00CFE902 /* VideoDataService.swift */ = {isa = PBXFileReference; lastKnownFileType = sourcecode.swift; path = VideoDataService.swift; sourceTree = "<group>"; };
		19EA60732894548600E950CE /* PlaylistViewModel.swift */ = {isa = PBXFileReference; lastKnownFileType = sourcecode.swift; path = PlaylistViewModel.swift; sourceTree = "<group>"; };
		19EA60752894549300E950CE /* VideoViewModel.swift */ = {isa = PBXFileReference; lastKnownFileType = sourcecode.swift; path = VideoViewModel.swift; sourceTree = "<group>"; };
		2C7CFB83646D1C113438DF95 /* Pods-YoutubeReelz.release.xcconfig */ = {isa = PBXFileReference; includeInIndex = 1; lastKnownFileType = text.xcconfig; name = "Pods-YoutubeReelz.release.xcconfig"; path = "Target Support Files/Pods-YoutubeReelz/Pods-YoutubeReelz.release.xcconfig"; sourceTree = "<group>"; };
		65D330766412A45653514A46 /* Pods-YoutubeReelz.debug.xcconfig */ = {isa = PBXFileReference; includeInIndex = 1; lastKnownFileType = text.xcconfig; name = "Pods-YoutubeReelz.debug.xcconfig"; path = "Target Support Files/Pods-YoutubeReelz/Pods-YoutubeReelz.debug.xcconfig"; sourceTree = "<group>"; };
/* End PBXFileReference section */

/* Begin PBXFrameworksBuildPhase section */
		1902F0762893FFFC0032DD18 /* Frameworks */ = {
			isa = PBXFrameworksBuildPhase;
			buildActionMask = 2147483647;
			files = (
				1924582928CA7586007EB289 /* Pods_YoutubeReelz.framework in Frameworks */,
			);
			runOnlyForDeploymentPostprocessing = 0;
		};
/* End PBXFrameworksBuildPhase section */

/* Begin PBXGroup section */
		0040138B86794E12507765D6 /* Frameworks */ = {
			isa = PBXGroup;
			children = (
				0F5BAE00F92D1FECD0994D42 /* Pods_YoutubeReelz.framework */,
			);
			name = Frameworks;
			sourceTree = "<group>";
		};
		1902F0702893FFFC0032DD18 = {
			isa = PBXGroup;
			children = (
				1902F07B2893FFFC0032DD18 /* YoutubeReels */,
				1902F07A2893FFFC0032DD18 /* Products */,
				FFCDB676B648EF2BE08BAAE3 /* Pods */,
				0040138B86794E12507765D6 /* Frameworks */,
			);
			sourceTree = "<group>";
		};
		1902F07A2893FFFC0032DD18 /* Products */ = {
			isa = PBXGroup;
			children = (
				1902F0792893FFFC0032DD18 /* YoutubeReelz.app */,
			);
			name = Products;
			sourceTree = "<group>";
		};
		1902F07B2893FFFC0032DD18 /* YoutubeReels */ = {
			isa = PBXGroup;
			children = (
				193CEB8228942FF500FE5F86 /* Delegate */,
				19366E8D289539F600164D52 /* Extensions */,
				193CEB7B28942BB100FE5F86 /* Supporting Files */,
				1902F0A1289401440032DD18 /* Service */,
				1902F0A02894013A0032DD18 /* Resources */,
				1902F092289401100032DD18 /* Model */,
				1902F094289401100032DD18 /* View */,
				1902F09A289401100032DD18 /* ViewModel */,
				1902F087289400000032DD18 /* LaunchScreen.storyboard */,
				1902F08A289400000032DD18 /* Info.plist */,
			);
			path = YoutubeReels;
			sourceTree = "<group>";
		};
		1902F092289401100032DD18 /* Model */ = {
			isa = PBXGroup;
			children = (
				1902F093289401100032DD18 /* YoutubePlaylist.swift */,
				195D95DB28940E51003F81F8 /* YoutubeVideo.swift */,
				19366E89289527A800164D52 /* PlaylistParams.swift */,
				19366E8B28952A7B00164D52 /* VideoParams.swift */,
			);
			path = Model;
			sourceTree = "<group>";
		};
		1902F094289401100032DD18 /* View */ = {
			isa = PBXGroup;
			children = (
				19366E7E289523EE00164D52 /* Cells */,
				1902F095289401100032DD18 /* Storyboards */,
				1902F098289401100032DD18 /* ViewControllers */,
			);
			path = View;
			sourceTree = "<group>";
		};
		1902F095289401100032DD18 /* Storyboards */ = {
			isa = PBXGroup;
			children = (
				1902F096289401100032DD18 /* Main.storyboard */,
			);
			path = Storyboards;
			sourceTree = "<group>";
		};
		1902F098289401100032DD18 /* ViewControllers */ = {
			isa = PBXGroup;
			children = (
				1902F099289401100032DD18 /* YoutubeReelsViewController.swift */,
			);
			path = ViewControllers;
			sourceTree = "<group>";
		};
		1902F09A289401100032DD18 /* ViewModel */ = {
			isa = PBXGroup;
			children = (
				19EA60732894548600E950CE /* PlaylistViewModel.swift */,
				19EA60752894549300E950CE /* VideoViewModel.swift */,
			);
			path = ViewModel;
			sourceTree = "<group>";
		};
		1902F0A02894013A0032DD18 /* Resources */ = {
			isa = PBXGroup;
			children = (
				1902F085289400000032DD18 /* Assets.xcassets */,
				19116BDA28955F5F00FE5D14 /* loading.json */,
				1939B92E2895611000A368B4 /* R.generated.swift */,
			);
			path = Resources;
			sourceTree = "<group>";
		};
		1902F0A1289401440032DD18 /* Service */ = {
			isa = PBXGroup;
			children = (
				193CEB712894157500FE5F86 /* ServicesManager.swift */,
				193CEB732894162100FE5F86 /* EndPoints.swift */,
				193CEB77289419D800FE5F86 /* URLRequestBuilder.swift */,
				193CEB75289416F000FE5F86 /* YoutubeService.swift */,
				1961A17528C38D2B00CFE902 /* DataServices */,
			);
			path = Service;
			sourceTree = "<group>";
		};
		19366E7E289523EE00164D52 /* Cells */ = {
			isa = PBXGroup;
			children = (
				19366E7F289523F500164D52 /* CollectionView Cells */,
			);
			path = Cells;
			sourceTree = "<group>";
		};
		19366E7F289523F500164D52 /* CollectionView Cells */ = {
			isa = PBXGroup;
			children = (
				19366E802895240300164D52 /* ReelsCollectionViewCell */,
			);
			path = "CollectionView Cells";
			sourceTree = "<group>";
		};
		19366E802895240300164D52 /* ReelsCollectionViewCell */ = {
			isa = PBXGroup;
			children = (
				19366E812895243200164D52 /* ReelsCollectionViewCell.swift */,
				19366E822895243200164D52 /* ReelsCollectionViewCell.xib */,
			);
			path = ReelsCollectionViewCell;
			sourceTree = "<group>";
		};
		19366E8D289539F600164D52 /* Extensions */ = {
			isa = PBXGroup;
			children = (
				19366E8E28953A0C00164D52 /* UIView+Extensions.swift */,
			);
			path = Extensions;
			sourceTree = "<group>";
		};
		193CEB7B28942BB100FE5F86 /* Supporting Files */ = {
			isa = PBXGroup;
			children = (
				193CEB7928941A1E00FE5F86 /* Constants.swift */,
				193CEB7C28942BDA00FE5F86 /* MyDecoder.swift */,
				193CEB7E28942C3C00FE5F86 /* Loader.swift */,
			);
			path = "Supporting Files";
			sourceTree = "<group>";
		};
		193CEB8228942FF500FE5F86 /* Delegate */ = {
			isa = PBXGroup;
			children = (
				1902F07C2893FFFC0032DD18 /* AppDelegate.swift */,
				1902F07E2893FFFC0032DD18 /* SceneDelegate.swift */,
			);
			path = Delegate;
			sourceTree = "<group>";
		};
		1961A17528C38D2B00CFE902 /* DataServices */ = {
			isa = PBXGroup;
			children = (
				1961A17128C3714900CFE902 /* PlaylistDataService.swift */,
				1961A17328C3755D00CFE902 /* VideoDataService.swift */,
			);
			path = DataServices;
			sourceTree = "<group>";
		};
		FFCDB676B648EF2BE08BAAE3 /* Pods */ = {
			isa = PBXGroup;
			children = (
				65D330766412A45653514A46 /* Pods-YoutubeReelz.debug.xcconfig */,
				2C7CFB83646D1C113438DF95 /* Pods-YoutubeReelz.release.xcconfig */,
			);
			path = Pods;
			sourceTree = "<group>";
		};
/* End PBXGroup section */

/* Begin PBXNativeTarget section */
		1902F0782893FFFC0032DD18 /* YoutubeReelz */ = {
			isa = PBXNativeTarget;
			buildConfigurationList = 1902F08D289400000032DD18 /* Build configuration list for PBXNativeTarget "YoutubeReelz" */;
			buildPhases = (
				D85E473D685474EE57810523 /* [CP] Check Pods Manifest.lock */,
				19EA607828951DD600E950CE /* ShellScript */,
				1902F0752893FFFC0032DD18 /* Sources */,
				1902F0762893FFFC0032DD18 /* Frameworks */,
				1902F0772893FFFC0032DD18 /* Resources */,
				DC11BDDC558A3996356102FE /* [CP] Embed Pods Frameworks */,
			);
			buildRules = (
			);
			dependencies = (
			);
			name = YoutubeReelz;
			productName = YoutubeReels;
			productReference = 1902F0792893FFFC0032DD18 /* YoutubeReelz.app */;
			productType = "com.apple.product-type.application";
		};
/* End PBXNativeTarget section */

/* Begin PBXProject section */
		1902F0712893FFFC0032DD18 /* Project object */ = {
			isa = PBXProject;
			attributes = {
				BuildIndependentTargetsInParallel = 1;
				LastSwiftUpdateCheck = 1340;
				LastUpgradeCheck = 1340;
				TargetAttributes = {
					1902F0782893FFFC0032DD18 = {
						CreatedOnToolsVersion = 13.4.1;
					};
				};
			};
			buildConfigurationList = 1902F0742893FFFC0032DD18 /* Build configuration list for PBXProject "YoutubeReelz" */;
			compatibilityVersion = "Xcode 13.0";
			developmentRegion = en;
			hasScannedForEncodings = 0;
			knownRegions = (
				en,
				Base,
			);
			mainGroup = 1902F0702893FFFC0032DD18;
			productRefGroup = 1902F07A2893FFFC0032DD18 /* Products */;
			projectDirPath = "";
			projectRoot = "";
			targets = (
				1902F0782893FFFC0032DD18 /* YoutubeReelz */,
			);
		};
/* End PBXProject section */

/* Begin PBXResourcesBuildPhase section */
		1902F0772893FFFC0032DD18 /* Resources */ = {
			isa = PBXResourcesBuildPhase;
			buildActionMask = 2147483647;
			files = (
				193CEB83289430EE00FE5F86 /* Main.storyboard in Resources */,
				19116BDB28955F5F00FE5D14 /* loading.json in Resources */,
				1902F089289400000032DD18 /* LaunchScreen.storyboard in Resources */,
				19366E842895243200164D52 /* ReelsCollectionViewCell.xib in Resources */,
				1902F086289400000032DD18 /* Assets.xcassets in Resources */,
			);
			runOnlyForDeploymentPostprocessing = 0;
		};
/* End PBXResourcesBuildPhase section */

/* Begin PBXShellScriptBuildPhase section */
		19EA607828951DD600E950CE /* ShellScript */ = {
			isa = PBXShellScriptBuildPhase;
			buildActionMask = 2147483647;
			files = (
			);
			inputFileListPaths = (
			);
			inputPaths = (
				"$TEMP_DIR/rswift-lastrun",
			);
			outputFileListPaths = (
			);
			outputPaths = (
				$SRCROOT/R.generated.swift,
			);
			runOnlyForDeploymentPostprocessing = 0;
			shellPath = /bin/sh;
			shellScript = "\"$PODS_ROOT/R.swift/rswift\" generate \"$SRCROOT/R.generated.swift\"\n";
		};
		D85E473D685474EE57810523 /* [CP] Check Pods Manifest.lock */ = {
			isa = PBXShellScriptBuildPhase;
			buildActionMask = 2147483647;
			files = (
			);
			inputFileListPaths = (
			);
			inputPaths = (
				"${PODS_PODFILE_DIR_PATH}/Podfile.lock",
				"${PODS_ROOT}/Manifest.lock",
			);
			name = "[CP] Check Pods Manifest.lock";
			outputFileListPaths = (
			);
			outputPaths = (
				"$(DERIVED_FILE_DIR)/Pods-YoutubeReelz-checkManifestLockResult.txt",
			);
			runOnlyForDeploymentPostprocessing = 0;
			shellPath = /bin/sh;
			shellScript = "diff \"${PODS_PODFILE_DIR_PATH}/Podfile.lock\" \"${PODS_ROOT}/Manifest.lock\" > /dev/null\nif [ $? != 0 ] ; then\n    # print error to STDERR\n    echo \"error: The sandbox is not in sync with the Podfile.lock. Run 'pod install' or update your CocoaPods installation.\" >&2\n    exit 1\nfi\n# This output is used by Xcode 'outputs' to avoid re-running this script phase.\necho \"SUCCESS\" > \"${SCRIPT_OUTPUT_FILE_0}\"\n";
			showEnvVarsInLog = 0;
		};
		DC11BDDC558A3996356102FE /* [CP] Embed Pods Frameworks */ = {
			isa = PBXShellScriptBuildPhase;
			buildActionMask = 2147483647;
			files = (
			);
			inputFileListPaths = (
				"${PODS_ROOT}/Target Support Files/Pods-YoutubeReelz/Pods-YoutubeReelz-frameworks-${CONFIGURATION}-input-files.xcfilelist",
			);
			name = "[CP] Embed Pods Frameworks";
			outputFileListPaths = (
				"${PODS_ROOT}/Target Support Files/Pods-YoutubeReelz/Pods-YoutubeReelz-frameworks-${CONFIGURATION}-output-files.xcfilelist",
			);
			runOnlyForDeploymentPostprocessing = 0;
			shellPath = /bin/sh;
			shellScript = "\"${PODS_ROOT}/Target Support Files/Pods-YoutubeReelz/Pods-YoutubeReelz-frameworks.sh\"\n";
			showEnvVarsInLog = 0;
		};
/* End PBXShellScriptBuildPhase section */

/* Begin PBXSourcesBuildPhase section */
		1902F0752893FFFC0032DD18 /* Sources */ = {
			isa = PBXSourcesBuildPhase;
			buildActionMask = 2147483647;
			files = (
				193CEB78289419D800FE5F86 /* URLRequestBuilder.swift in Sources */,
				193CEB7D28942BDA00FE5F86 /* MyDecoder.swift in Sources */,
				193CEB76289416F000FE5F86 /* YoutubeService.swift in Sources */,
				193CEB742894162100FE5F86 /* EndPoints.swift in Sources */,
				195D95DC28940E51003F81F8 /* YoutubeVideo.swift in Sources */,
				1902F09C289401100032DD18 /* YoutubePlaylist.swift in Sources */,
				1939B92F2895611000A368B4 /* R.generated.swift in Sources */,
				1902F09E289401100032DD18 /* YoutubeReelsViewController.swift in Sources */,
				1902F07D2893FFFC0032DD18 /* AppDelegate.swift in Sources */,
				1961A17428C3755D00CFE902 /* VideoDataService.swift in Sources */,
				19366E8C28952A7B00164D52 /* VideoParams.swift in Sources */,
				1902F07F2893FFFC0032DD18 /* SceneDelegate.swift in Sources */,
				19366E832895243200164D52 /* ReelsCollectionViewCell.swift in Sources */,
				19366E8F28953A0C00164D52 /* UIView+Extensions.swift in Sources */,
				1961A17228C3714900CFE902 /* PlaylistDataService.swift in Sources */,
				19366E8A289527A800164D52 /* PlaylistParams.swift in Sources */,
				19EA60742894548600E950CE /* PlaylistViewModel.swift in Sources */,
				193CEB722894157500FE5F86 /* ServicesManager.swift in Sources */,
				193CEB7F28942C3C00FE5F86 /* Loader.swift in Sources */,
				19EA60762894549300E950CE /* VideoViewModel.swift in Sources */,
				193CEB7A28941A1E00FE5F86 /* Constants.swift in Sources */,
			);
			runOnlyForDeploymentPostprocessing = 0;
		};
/* End PBXSourcesBuildPhase section */

/* Begin PBXVariantGroup section */
		1902F087289400000032DD18 /* LaunchScreen.storyboard */ = {
			isa = PBXVariantGroup;
			children = (
				1902F088289400000032DD18 /* Base */,
			);
			name = LaunchScreen.storyboard;
			sourceTree = "<group>";
		};
		1902F096289401100032DD18 /* Main.storyboard */ = {
			isa = PBXVariantGroup;
			children = (
				1902F097289401100032DD18 /* Base */,
			);
			name = Main.storyboard;
			sourceTree = "<group>";
		};
/* End PBXVariantGroup section */

/* Begin XCBuildConfiguration section */
		1902F08B289400000032DD18 /* Debug */ = {
			isa = XCBuildConfiguration;
			buildSettings = {
				ALWAYS_SEARCH_USER_PATHS = NO;
				CLANG_ANALYZER_NONNULL = YES;
				CLANG_ANALYZER_NUMBER_OBJECT_CONVERSION = YES_AGGRESSIVE;
				CLANG_CXX_LANGUAGE_STANDARD = "gnu++17";
				CLANG_ENABLE_MODULES = YES;
				CLANG_ENABLE_OBJC_ARC = YES;
				CLANG_ENABLE_OBJC_WEAK = YES;
				CLANG_WARN_BLOCK_CAPTURE_AUTORELEASING = YES;
				CLANG_WARN_BOOL_CONVERSION = YES;
				CLANG_WARN_COMMA = YES;
				CLANG_WARN_CONSTANT_CONVERSION = YES;
				CLANG_WARN_DEPRECATED_OBJC_IMPLEMENTATIONS = YES;
				CLANG_WARN_DIRECT_OBJC_ISA_USAGE = YES_ERROR;
				CLANG_WARN_DOCUMENTATION_COMMENTS = YES;
				CLANG_WARN_EMPTY_BODY = YES;
				CLANG_WARN_ENUM_CONVERSION = YES;
				CLANG_WARN_INFINITE_RECURSION = YES;
				CLANG_WARN_INT_CONVERSION = YES;
				CLANG_WARN_NON_LITERAL_NULL_CONVERSION = YES;
				CLANG_WARN_OBJC_IMPLICIT_RETAIN_SELF = YES;
				CLANG_WARN_OBJC_LITERAL_CONVERSION = YES;
				CLANG_WARN_OBJC_ROOT_CLASS = YES_ERROR;
				CLANG_WARN_QUOTED_INCLUDE_IN_FRAMEWORK_HEADER = YES;
				CLANG_WARN_RANGE_LOOP_ANALYSIS = YES;
				CLANG_WARN_STRICT_PROTOTYPES = YES;
				CLANG_WARN_SUSPICIOUS_MOVE = YES;
				CLANG_WARN_UNGUARDED_AVAILABILITY = YES_AGGRESSIVE;
				CLANG_WARN_UNREACHABLE_CODE = YES;
				CLANG_WARN__DUPLICATE_METHOD_MATCH = YES;
				COPY_PHASE_STRIP = NO;
				DEBUG_INFORMATION_FORMAT = dwarf;
				ENABLE_STRICT_OBJC_MSGSEND = YES;
				ENABLE_TESTABILITY = YES;
				GCC_C_LANGUAGE_STANDARD = gnu11;
				GCC_DYNAMIC_NO_PIC = NO;
				GCC_NO_COMMON_BLOCKS = YES;
				GCC_OPTIMIZATION_LEVEL = 0;
				GCC_PREPROCESSOR_DEFINITIONS = (
					"DEBUG=1",
					"$(inherited)",
				);
				GCC_WARN_64_TO_32_BIT_CONVERSION = YES;
				GCC_WARN_ABOUT_RETURN_TYPE = YES_ERROR;
				GCC_WARN_UNDECLARED_SELECTOR = YES;
				GCC_WARN_UNINITIALIZED_AUTOS = YES_AGGRESSIVE;
				GCC_WARN_UNUSED_FUNCTION = YES;
				GCC_WARN_UNUSED_VARIABLE = YES;
				IPHONEOS_DEPLOYMENT_TARGET = 15.5;
				MTL_ENABLE_DEBUG_INFO = INCLUDE_SOURCE;
				MTL_FAST_MATH = YES;
				ONLY_ACTIVE_ARCH = YES;
				SDKROOT = iphoneos;
				SWIFT_ACTIVE_COMPILATION_CONDITIONS = DEBUG;
				SWIFT_OPTIMIZATION_LEVEL = "-Onone";
			};
			name = Debug;
		};
		1902F08C289400000032DD18 /* Release */ = {
			isa = XCBuildConfiguration;
			buildSettings = {
				ALWAYS_SEARCH_USER_PATHS = NO;
				CLANG_ANALYZER_NONNULL = YES;
				CLANG_ANALYZER_NUMBER_OBJECT_CONVERSION = YES_AGGRESSIVE;
				CLANG_CXX_LANGUAGE_STANDARD = "gnu++17";
				CLANG_ENABLE_MODULES = YES;
				CLANG_ENABLE_OBJC_ARC = YES;
				CLANG_ENABLE_OBJC_WEAK = YES;
				CLANG_WARN_BLOCK_CAPTURE_AUTORELEASING = YES;
				CLANG_WARN_BOOL_CONVERSION = YES;
				CLANG_WARN_COMMA = YES;
				CLANG_WARN_CONSTANT_CONVERSION = YES;
				CLANG_WARN_DEPRECATED_OBJC_IMPLEMENTATIONS = YES;
				CLANG_WARN_DIRECT_OBJC_ISA_USAGE = YES_ERROR;
				CLANG_WARN_DOCUMENTATION_COMMENTS = YES;
				CLANG_WARN_EMPTY_BODY = YES;
				CLANG_WARN_ENUM_CONVERSION = YES;
				CLANG_WARN_INFINITE_RECURSION = YES;
				CLANG_WARN_INT_CONVERSION = YES;
				CLANG_WARN_NON_LITERAL_NULL_CONVERSION = YES;
				CLANG_WARN_OBJC_IMPLICIT_RETAIN_SELF = YES;
				CLANG_WARN_OBJC_LITERAL_CONVERSION = YES;
				CLANG_WARN_OBJC_ROOT_CLASS = YES_ERROR;
				CLANG_WARN_QUOTED_INCLUDE_IN_FRAMEWORK_HEADER = YES;
				CLANG_WARN_RANGE_LOOP_ANALYSIS = YES;
				CLANG_WARN_STRICT_PROTOTYPES = YES;
				CLANG_WARN_SUSPICIOUS_MOVE = YES;
				CLANG_WARN_UNGUARDED_AVAILABILITY = YES_AGGRESSIVE;
				CLANG_WARN_UNREACHABLE_CODE = YES;
				CLANG_WARN__DUPLICATE_METHOD_MATCH = YES;
				COPY_PHASE_STRIP = NO;
				DEBUG_INFORMATION_FORMAT = "dwarf-with-dsym";
				ENABLE_NS_ASSERTIONS = NO;
				ENABLE_STRICT_OBJC_MSGSEND = YES;
				GCC_C_LANGUAGE_STANDARD = gnu11;
				GCC_NO_COMMON_BLOCKS = YES;
				GCC_WARN_64_TO_32_BIT_CONVERSION = YES;
				GCC_WARN_ABOUT_RETURN_TYPE = YES_ERROR;
				GCC_WARN_UNDECLARED_SELECTOR = YES;
				GCC_WARN_UNINITIALIZED_AUTOS = YES_AGGRESSIVE;
				GCC_WARN_UNUSED_FUNCTION = YES;
				GCC_WARN_UNUSED_VARIABLE = YES;
				IPHONEOS_DEPLOYMENT_TARGET = 15.5;
				MTL_ENABLE_DEBUG_INFO = NO;
				MTL_FAST_MATH = YES;
				SDKROOT = iphoneos;
				SWIFT_COMPILATION_MODE = wholemodule;
				SWIFT_OPTIMIZATION_LEVEL = "-O";
				VALIDATE_PRODUCT = YES;
			};
			name = Release;
		};
		1902F08E289400000032DD18 /* Debug */ = {
			isa = XCBuildConfiguration;
			baseConfigurationReference = 65D330766412A45653514A46 /* Pods-YoutubeReelz.debug.xcconfig */;
			buildSettings = {
				ASSETCATALOG_COMPILER_APPICON_NAME = AppIcon;
				ASSETCATALOG_COMPILER_GLOBAL_ACCENT_COLOR_NAME = AccentColor;
				CODE_SIGN_STYLE = Automatic;
				CURRENT_PROJECT_VERSION = 1;
				DEVELOPMENT_TEAM = 2DQV4CFN7G;
				GENERATE_INFOPLIST_FILE = YES;
				INFOPLIST_FILE = YoutubeReels/Info.plist;
				INFOPLIST_KEY_UIApplicationSupportsIndirectInputEvents = YES;
				INFOPLIST_KEY_UILaunchStoryboardName = LaunchScreen;
				INFOPLIST_KEY_UIMainStoryboardFile = Main;
				INFOPLIST_KEY_UISupportedInterfaceOrientations_iPad = "UIInterfaceOrientationPortrait UIInterfaceOrientationPortraitUpsideDown UIInterfaceOrientationLandscapeLeft UIInterfaceOrientationLandscapeRight";
				INFOPLIST_KEY_UISupportedInterfaceOrientations_iPhone = "UIInterfaceOrientationPortrait UIInterfaceOrientationLandscapeLeft UIInterfaceOrientationLandscapeRight";
				LD_RUNPATH_SEARCH_PATHS = (
					"$(inherited)",
					"@executable_path/Frameworks",
				);
				MARKETING_VERSION = 1.0;
				PRODUCT_BUNDLE_IDENTIFIER = com.usamaeltmsah.YoutubeReels;
				PRODUCT_NAME = "$(TARGET_NAME)";
				SWIFT_EMIT_LOC_STRINGS = YES;
				SWIFT_VERSION = 5.0;
				TARGETED_DEVICE_FAMILY = "1,2";
			};
			name = Debug;
		};
		1902F08F289400000032DD18 /* Release */ = {
			isa = XCBuildConfiguration;
			baseConfigurationReference = 2C7CFB83646D1C113438DF95 /* Pods-YoutubeReelz.release.xcconfig */;
			buildSettings = {
				ASSETCATALOG_COMPILER_APPICON_NAME = AppIcon;
				ASSETCATALOG_COMPILER_GLOBAL_ACCENT_COLOR_NAME = AccentColor;
				CODE_SIGN_IDENTITY = "Apple Development";
				CODE_SIGN_STYLE = Automatic;
				CURRENT_PROJECT_VERSION = 1;
				DEVELOPMENT_TEAM = 2DQV4CFN7G;
				GENERATE_INFOPLIST_FILE = YES;
				INFOPLIST_FILE = YoutubeReels/Info.plist;
				INFOPLIST_KEY_UIApplicationSupportsIndirectInputEvents = YES;
				INFOPLIST_KEY_UILaunchStoryboardName = LaunchScreen;
				INFOPLIST_KEY_UIMainStoryboardFile = Main;
				INFOPLIST_KEY_UISupportedInterfaceOrientations_iPad = "UIInterfaceOrientationPortrait UIInterfaceOrientationPortraitUpsideDown UIInterfaceOrientationLandscapeLeft UIInterfaceOrientationLandscapeRight";
				INFOPLIST_KEY_UISupportedInterfaceOrientations_iPhone = "UIInterfaceOrientationPortrait UIInterfaceOrientationLandscapeLeft UIInterfaceOrientationLandscapeRight";
				LD_RUNPATH_SEARCH_PATHS = (
					"$(inherited)",
					"@executable_path/Frameworks",
				);
				MARKETING_VERSION = 1.0;
				PRODUCT_BUNDLE_IDENTIFIER = com.usamaeltmsah.YoutubeReels;
				PRODUCT_NAME = "$(TARGET_NAME)";
				PROVISIONING_PROFILE_SPECIFIER = "";
				SWIFT_EMIT_LOC_STRINGS = YES;
				SWIFT_VERSION = 5.0;
				TARGETED_DEVICE_FAMILY = "1,2";
			};
			name = Release;
		};
/* End XCBuildConfiguration section */

/* Begin XCConfigurationList section */
		1902F0742893FFFC0032DD18 /* Build configuration list for PBXProject "YoutubeReelz" */ = {
			isa = XCConfigurationList;
			buildConfigurations = (
				1902F08B289400000032DD18 /* Debug */,
				1902F08C289400000032DD18 /* Release */,
			);
			defaultConfigurationIsVisible = 0;
			defaultConfigurationName = Release;
		};
		1902F08D289400000032DD18 /* Build configuration list for PBXNativeTarget "YoutubeReelz" */ = {
			isa = XCConfigurationList;
			buildConfigurations = (
				1902F08E289400000032DD18 /* Debug */,
				1902F08F289400000032DD18 /* Release */,
			);
			defaultConfigurationIsVisible = 0;
			defaultConfigurationName = Release;
		};
/* End XCConfigurationList section */
	};
	rootObject = 1902F0712893FFFC0032DD18 /* Project object */;
}
